
Microsoft Visual Studio Solution File, Format Version 12.00
# Visual Studio Version 17
VisualStudioVersion = 17.8.34309.116
MinimumVisualStudioVersion = 10.0.40219.1
Project("{FAE04EC0-301F-11D3-BF4B-00C04F79EFBC}") = "BobMarley", "BobMarley.csproj", "{04942462-2739-4645-A26B-2745E39F741B}"
EndProject
Global
	GlobalSection(SolutionConfigurationPlatforms) = preSolution
		Debug|Any CPU = Debug|Any CPU
		Release|Any CPU = Release|Any CPU
	EndGlobalSection
	GlobalSection(ProjectConfigurationPlatforms) = postSolution
		{04942462-2739-4645-A26B-2745E39F741B}.Debug|Any CPU.ActiveCfg = Debug|Any CPU
		{04942462-2739-4645-A26B-2745E39F741B}.Debug|Any CPU.Build.0 = Debug|Any CPU
		{04942462-2739-4645-A26B-2745E39F741B}.Release|Any CPU.ActiveCfg = Release|Any CPU
		{04942462-2739-4645-A26B-2745E39F741B}.Release|Any CPU.Build.0 = Release|Any CPU
	EndGlobalSection
	GlobalSection(SolutionProperties) = preSolution
		HideSolutionNode = FALSE
	EndGlobalSection
	GlobalSection(ExtensibilityGlobals) = postSolution
		SolutionGuid = {E8A5530C-84E6-41CC-849B-68AA08E1B1FB}
	EndGlobalSection
EndGlobal
